
Microsoft Visual Studio Solution File, Format Version 12.00
# Visual Studio Version 17
VisualStudioVersion = 17.14.37027.9 d17.14
MinimumVisualStudioVersion = 10.0.40219.1
Project("{FAE04EC0-301F-11D3-BF4B-00C04F79EFBC}") = "oop-s2-2-mvc-77933", "oop-s2-2-mvc-77933\oop-s2-2-mvc-77933.csproj", "{3F11AE86-5B54-409D-9A05-13ECB9DE1123}"
EndProject
Global
	GlobalSection(SolutionConfigurationPlatforms) = preSolution
		Debug|Any CPU = Debug|Any CPU
		Release|Any CPU = Release|Any CPU
	EndGlobalSection
	GlobalSection(ProjectConfigurationPlatforms) = postSolution
		{3F11AE86-5B54-409D-9A05-13ECB9DE1123}.Debug|Any CPU.ActiveCfg = Debug|Any CPU
		{3F11AE86-5B54-409D-9A05-13ECB9DE1123}.Debug|Any CPU.Build.0 = Debug|Any CPU
		{3F11AE86-5B54-409D-9A05-13ECB9DE1123}.Release|Any CPU.ActiveCfg = Release|Any CPU
		{3F11AE86-5B54-409D-9A05-13ECB9DE1123}.Release|Any CPU.Build.0 = Release|Any CPU
	EndGlobalSection
	GlobalSection(SolutionProperties) = preSolution
		HideSolutionNode = FALSE
	EndGlobalSection
	GlobalSection(ExtensibilityGlobals) = postSolution
		SolutionGuid = {CBB7AB90-3346-4B64-970C-A0DD4570C2D2}
	EndGlobalSection
EndGlobal
